
Microsoft Visual Studio Solution File, Format Version 12.00
# Visual Studio Version 17
VisualStudioVersion = 17.5.002.0
MinimumVisualStudioVersion = 10.0.40219.1
Project("{9A19103F-16F7-4668-BE54-9A1E7A4F7556}") = "Connect4", "Connect4.csproj", "{86FB4732-974B-491D-82DE-FB922A42AA75}"
EndProject
Global
	GlobalSection(SolutionConfigurationPlatforms) = preSolution
		Debug|Any CPU = Debug|Any CPU
		Release|Any CPU = Release|Any CPU
	EndGlobalSection
	GlobalSection(ProjectConfigurationPlatforms) = postSolution
		{86FB4732-974B-491D-82DE-FB922A42AA75}.Debug|Any CPU.ActiveCfg = Debug|Any CPU
		{86FB4732-974B-491D-82DE-FB922A42AA75}.Debug|Any CPU.Build.0 = Debug|Any CPU
		{86FB4732-974B-491D-82DE-FB922A42AA75}.Release|Any CPU.ActiveCfg = Release|Any CPU
		{86FB4732-974B-491D-82DE-FB922A42AA75}.Release|Any CPU.Build.0 = Release|Any CPU
	EndGlobalSection
	GlobalSection(SolutionProperties) = preSolution
		HideSolutionNode = FALSE
	EndGlobalSection
	GlobalSection(ExtensibilityGlobals) = postSolution
		SolutionGuid = {2B1C0078-FCE3-4699-B3C4-73475CB513B9}
	EndGlobalSection
EndGlobal
